
Microsoft Visual Studio Solution File, Format Version 12.00
# Visual Studio Version 16
VisualStudioVersion = 16.0.31729.503
MinimumVisualStudioVersion = 10.0.40219.1
Project("{FAE04EC0-301F-11D3-BF4B-00C04F79EFBC}") = "ApiPaginaWeb", "ApiPaginaWeb\ApiPaginaWeb.csproj", "{19F60144-2928-4735-86D4-D6221D3B91C4}"
EndProject
Global
	GlobalSection(SolutionConfigurationPlatforms) = preSolution
		Debug|Any CPU = Debug|Any CPU
		Release|Any CPU = Release|Any CPU
	EndGlobalSection
	GlobalSection(ProjectConfigurationPlatforms) = postSolution
		{19F60144-2928-4735-86D4-D6221D3B91C4}.Debug|Any CPU.ActiveCfg = Debug|Any CPU
		{19F60144-2928-4735-86D4-D6221D3B91C4}.Debug|Any CPU.Build.0 = Debug|Any CPU
		{19F60144-2928-4735-86D4-D6221D3B91C4}.Release|Any CPU.ActiveCfg = Release|Any CPU
		{19F60144-2928-4735-86D4-D6221D3B91C4}.Release|Any CPU.Build.0 = Release|Any CPU
	EndGlobalSection
	GlobalSection(SolutionProperties) = preSolution
		HideSolutionNode = FALSE
	EndGlobalSection
	GlobalSection(ExtensibilityGlobals) = postSolution
		SolutionGuid = {FFC90370-E1C4-4E5C-974D-49641A7B2D92}
	EndGlobalSection
EndGlobal
